
Microsoft Visual Studio Solution File, Format Version 12.00
# Visual Studio 15
VisualStudioVersion = 15.0.28307.168
MinimumVisualStudioVersion = 10.0.40219.1
Project("{6EC3EE1D-3C4E-46DD-8F32-0CC8E7565705}") = "AspNetCoreExample", "AspNetCoreExample\AspNetCoreExample.fsproj", "{40F02BBA-ABEB-49DA-B964-7F4BF382A9E7}"
EndProject
Project("{2150E333-8FDC-42A3-9474-1A3956D46DE8}") = "sql", "sql", "{78682C31-73D2-4953-A590-7BF4FD64B617}"
	ProjectSection(SolutionItems) = preProject
		sql\V1__Create_Todos_Table.sql = sql\V1__Create_Todos_Table.sql
		sql\V2__Uppercase_Titles.sql = sql\V2__Uppercase_Titles.sql
	EndProjectSection
EndProject
Project("{F2A71F9B-5D33-465A-A702-920D77279786}") = "DummyService", "DummyService\DummyService.fsproj", "{114F1E07-652D-4989-8A27-FCB7D91A8442}"
EndProject
Global
	GlobalSection(SolutionConfigurationPlatforms) = preSolution
		Debug|Any CPU = Debug|Any CPU
		Release|Any CPU = Release|Any CPU
	EndGlobalSection
	GlobalSection(ProjectConfigurationPlatforms) = postSolution
		{40F02BBA-ABEB-49DA-B964-7F4BF382A9E7}.Debug|Any CPU.ActiveCfg = Debug|Any CPU
		{40F02BBA-ABEB-49DA-B964-7F4BF382A9E7}.Debug|Any CPU.Build.0 = Debug|Any CPU
		{40F02BBA-ABEB-49DA-B964-7F4BF382A9E7}.Release|Any CPU.ActiveCfg = Release|Any CPU
		{40F02BBA-ABEB-49DA-B964-7F4BF382A9E7}.Release|Any CPU.Build.0 = Release|Any CPU
		{114F1E07-652D-4989-8A27-FCB7D91A8442}.Debug|Any CPU.ActiveCfg = Debug|Any CPU
		{114F1E07-652D-4989-8A27-FCB7D91A8442}.Debug|Any CPU.Build.0 = Debug|Any CPU
		{114F1E07-652D-4989-8A27-FCB7D91A8442}.Release|Any CPU.ActiveCfg = Release|Any CPU
		{114F1E07-652D-4989-8A27-FCB7D91A8442}.Release|Any CPU.Build.0 = Release|Any CPU
	EndGlobalSection
	GlobalSection(SolutionProperties) = preSolution
		HideSolutionNode = FALSE
	EndGlobalSection
	GlobalSection(ExtensibilityGlobals) = postSolution
		SolutionGuid = {9D95D238-5134-4399-B400-D3906B1A3F4D}
	EndGlobalSection
EndGlobal
